
Microsoft Visual Studio Solution File, Format Version 12.00
# Visual Studio Version 17
VisualStudioVersion = 17.9.34607.119
MinimumVisualStudioVersion = 10.0.40219.1
Project("{FAE04EC0-301F-11D3-BF4B-00C04F79EFBC}") = "vietphuongthucdemsolanxuathiencuakytutrongchuoi", "vietphuongthucdemsolanxuathiencuakytutrongchuoi\vietphuongthucdemsolanxuathiencuakytutrongchuoi.csproj", "{83C8291A-2949-483F-8244-A605493EBB9D}"
EndProject
Global
	GlobalSection(SolutionConfigurationPlatforms) = preSolution
		Debug|Any CPU = Debug|Any CPU
		Release|Any CPU = Release|Any CPU
	EndGlobalSection
	GlobalSection(ProjectConfigurationPlatforms) = postSolution
		{83C8291A-2949-483F-8244-A605493EBB9D}.Debug|Any CPU.ActiveCfg = Debug|Any CPU
		{83C8291A-2949-483F-8244-A605493EBB9D}.Debug|Any CPU.Build.0 = Debug|Any CPU
		{83C8291A-2949-483F-8244-A605493EBB9D}.Release|Any CPU.ActiveCfg = Release|Any CPU
		{83C8291A-2949-483F-8244-A605493EBB9D}.Release|Any CPU.Build.0 = Release|Any CPU
	EndGlobalSection
	GlobalSection(SolutionProperties) = preSolution
		HideSolutionNode = FALSE
	EndGlobalSection
	GlobalSection(ExtensibilityGlobals) = postSolution
		SolutionGuid = {29BF7736-F11D-4579-98E6-F0DD74222B70}
	EndGlobalSection
EndGlobal
